
Microsoft Visual Studio Solution File, Format Version 12.00
# Visual Studio Version 16
VisualStudioVersion = 16.0.30413.136
MinimumVisualStudioVersion = 10.0.40219.1
Project("{FAE04EC0-301F-11D3-BF4B-00C04F79EFBC}") = "WcfTIK", "WcfTIK.csproj", "{9B453AE2-ED38-4BF5-A0D4-E5BB60574D59}"
EndProject
Project("{FAE04EC0-301F-11D3-BF4B-00C04F79EFBC}") = "Phone_Book_DB", "..\Tik_Kanale_Alternative\Phone_Book_DB\Phone_Book_DB.csproj", "{BC651A0A-F9EF-405B-AE15-46FB70BF49E0}"
EndProject
Global
	GlobalSection(SolutionConfigurationPlatforms) = preSolution
		Debug|Any CPU = Debug|Any CPU
		Release|Any CPU = Release|Any CPU
	EndGlobalSection
	GlobalSection(ProjectConfigurationPlatforms) = postSolution
		{9B453AE2-ED38-4BF5-A0D4-E5BB60574D59}.Debug|Any CPU.ActiveCfg = Debug|Any CPU
		{9B453AE2-ED38-4BF5-A0D4-E5BB60574D59}.Debug|Any CPU.Build.0 = Debug|Any CPU
		{9B453AE2-ED38-4BF5-A0D4-E5BB60574D59}.Release|Any CPU.ActiveCfg = Release|Any CPU
		{9B453AE2-ED38-4BF5-A0D4-E5BB60574D59}.Release|Any CPU.Build.0 = Release|Any CPU
		{BC651A0A-F9EF-405B-AE15-46FB70BF49E0}.Debug|Any CPU.ActiveCfg = Debug|Any CPU
		{BC651A0A-F9EF-405B-AE15-46FB70BF49E0}.Debug|Any CPU.Build.0 = Debug|Any CPU
		{BC651A0A-F9EF-405B-AE15-46FB70BF49E0}.Release|Any CPU.ActiveCfg = Release|Any CPU
		{BC651A0A-F9EF-405B-AE15-46FB70BF49E0}.Release|Any CPU.Build.0 = Release|Any CPU
	EndGlobalSection
	GlobalSection(SolutionProperties) = preSolution
		HideSolutionNode = FALSE
	EndGlobalSection
	GlobalSection(ExtensibilityGlobals) = postSolution
		SolutionGuid = {10DC7D9F-2392-4BEC-8335-1BD25276C549}
	EndGlobalSection
EndGlobal
